
Microsoft Visual Studio Solution File, Format Version 12.00
# Visual Studio Version 16
VisualStudioVersion = 16.0.30204.135
MinimumVisualStudioVersion = 10.0.40219.1
Project("{FAE04EC0-301F-11D3-BF4B-00C04F79EFBC}") = "CW_TakeATenMinuteWalk", "CW_TakeATenMinuteWalk\CW_TakeATenMinuteWalk.csproj", "{7E4A3F00-1194-4EA2-BA2C-9CF15A0A0F09}"
EndProject
Global
	GlobalSection(SolutionConfigurationPlatforms) = preSolution
		Debug|Any CPU = Debug|Any CPU
		Release|Any CPU = Release|Any CPU
	EndGlobalSection
	GlobalSection(ProjectConfigurationPlatforms) = postSolution
		{7E4A3F00-1194-4EA2-BA2C-9CF15A0A0F09}.Debug|Any CPU.ActiveCfg = Debug|Any CPU
		{7E4A3F00-1194-4EA2-BA2C-9CF15A0A0F09}.Debug|Any CPU.Build.0 = Debug|Any CPU
		{7E4A3F00-1194-4EA2-BA2C-9CF15A0A0F09}.Release|Any CPU.ActiveCfg = Release|Any CPU
		{7E4A3F00-1194-4EA2-BA2C-9CF15A0A0F09}.Release|Any CPU.Build.0 = Release|Any CPU
	EndGlobalSection
	GlobalSection(SolutionProperties) = preSolution
		HideSolutionNode = FALSE
	EndGlobalSection
	GlobalSection(ExtensibilityGlobals) = postSolution
		SolutionGuid = {89A62960-FC37-4942-898B-4FACD1BA361B}
	EndGlobalSection
EndGlobal
